{
  "nodes": {
    "logos-delivery": {
      "inputs": {
        "nixpkgs": [
          "nixpkgs"
        ],
        "rust-overlay": "rust-overlay",
        "zerokit": "zerokit"
      },
      "locked": {
        "lastModified": 1791298922,
        "narHash": "sha256-TWCRgHzbOjSW7d+DUZ8bgi3y+YeUGLnTO6UFaxcO2dk=",
        "owner": "logos-messaging",
        "repo": "logos-delivery",
        "rev": "dbeb490c5bd029c02504beab763f9e09f59162ca",
        "type": "github"
      },
      "original": {
        "owner": "logos-messaging",
        "repo": "logos-delivery",
        "type": "github"
      }
    },
    "nixpkgs": {
      "locked": {
        "lastModified": 1782231800,
        "narHash": "sha256-AyPvq+cx3JFicSd687dhhIfUMryk9PUFmHnofBjalMg=",
        "owner": "NixOS",
        "repo": "nixpkgs",
        "rev": "6f5e2d2ea55618c5197ce40e346f205c35d2213e",
        "type": "github"
      },
      "original": {
        "owner": "NixOS",
        "ref": "nixos-unstable-small",
        "repo": "nixpkgs",
        "type": "github"
      }
    },
    "root": {
      "inputs": {
        "logos-delivery": "logos-delivery",
        "nixpkgs": "nixpkgs",
        "rust-overlay": "rust-overlay_3"
      }
    },
    "rust-overlay": {
      "inputs": {
        "nixpkgs": [
          "logos-delivery",
          "nixpkgs"
        ]
      },
      "locked": {
        "lastModified": 1775099554,
        "narHash": "sha256-3xBsGnGDLOFtnPZ1D3j2LU19wpAlYefRKTlkv648rU0=",
        "owner": "oxalica",
        "repo": "rust-overlay",
        "rev": "8d6387ed6d8e6e6672fd3ed4b61b59d44b124d99",
        "type": "github"
      },
      "original": {
        "owner": "oxalica",
        "repo": "rust-overlay",
        "type": "github"
      }
    },
    "rust-overlay_2": {
      "inputs": {
        "nixpkgs": [
          "logos-delivery",
          "zerokit",
          "nixpkgs"
        ]
      },
      "locked": {
        "lastModified": 1771297684,
        "narHash": "sha256-wieWskQxZLPlNXX06JEB0bMoS/ZYQ89xBzF0RL9lyLs=",
        "owner": "oxalica",
        "repo": "rust-overlay",
        "rev": "755d3669699a7c62aef35af187d75dc2728cfd85",
        "type": "github"
      },
      "original": {
        "owner": "oxalica",
        "repo": "rust-overlay",
        "type": "github"
      }
    },
    "rust-overlay_3": {
      "inputs": {
        "nixpkgs": [
          "nixpkgs"
        ]
      },
      "locked": {
        "lastModified": 1779938491,
        "narHash": "sha256-khIekZCrhy3lQom4AZTmgBPV3DOFgAiopLUyUtbVGhY=",
        "owner": "oxalica",
        "repo": "rust-overlay",
        "rev": "02f536e36eaee387594ce2a02d90ff678d056e0f",
        "type": "github"
      },
      "original": {
        "owner": "oxalica",
        "repo": "rust-overlay",
        "type": "github"
      }
    },
    "zerokit": {
      "inputs": {
        "nixpkgs": [
          "logos-delivery",
          "nixpkgs"
        ],
        "rust-overlay": "rust-overlay_2"
      },
      "locked": {
        "lastModified": 1789606952,
        "narHash": "sha256-QY6DsVWLvE5tylfHNjt6b+vQ8EEMeaAQ1KWNMKzztnI=",
        "owner": "vacp2p",
        "repo": "zerokit",
        "rev": "ea80f39be3e7944e4537b5f4726a7c4aabfe0ab5",
        "type": "github"
      },
      "original": {
        "owner": "vacp2p",
        "repo": "zerokit",
        "rev": "ea80f39be3e7944e4537b5f4726a7c4aabfe0ab5",
        "type": "github"
      }
    }
  },
  "root": "root",
  "version": 7
}
